
Microsoft Visual Studio Solution File, Format Version 12.00
# Visual Studio Version 17
VisualStudioVersion = 17.10.35122.118
MinimumVisualStudioVersion = 10.0.40219.1
Project("{FAE04EC0-301F-11D3-BF4B-00C04F79EFBC}") = "ExpressVoitures", "ExpressVoitures\ExpressVoitures.csproj", "{1211A9D2-E4DA-494A-A596-56ECB10DA34D}"
EndProject
Global
	GlobalSection(SolutionConfigurationPlatforms) = preSolution
		Debug|Any CPU = Debug|Any CPU
		Release|Any CPU = Release|Any CPU
	EndGlobalSection
	GlobalSection(ProjectConfigurationPlatforms) = postSolution
		{1211A9D2-E4DA-494A-A596-56ECB10DA34D}.Debug|Any CPU.ActiveCfg = Debug|Any CPU
		{1211A9D2-E4DA-494A-A596-56ECB10DA34D}.Debug|Any CPU.Build.0 = Debug|Any CPU
		{1211A9D2-E4DA-494A-A596-56ECB10DA34D}.Release|Any CPU.ActiveCfg = Release|Any CPU
		{1211A9D2-E4DA-494A-A596-56ECB10DA34D}.Release|Any CPU.Build.0 = Release|Any CPU
	EndGlobalSection
	GlobalSection(SolutionProperties) = preSolution
		HideSolutionNode = FALSE
	EndGlobalSection
	GlobalSection(ExtensibilityGlobals) = postSolution
		SolutionGuid = {8F47DD15-23D7-4E5E-8129-9E20DB792A50}
	EndGlobalSection
EndGlobal
